
Microsoft Visual Studio Solution File, Format Version 12.00
# Visual Studio 2013
VisualStudioVersion = 12.0.21005.1
MinimumVisualStudioVersion = 10.0.40219.1
Project("{FAE04EC0-301F-11D3-BF4B-00C04F79EFBC}") = "Cashapp", "Cashapp.csproj", "{716DC9C9-BB94-47B4-86FB-DCD0EEFD2A78}"
EndProject
Project("{6141683F-8A12-4E36-9623-2EB02B2C2303}") = "ShoppApplicationSetup", "..\ShoppApplicationSetup\ShoppApplicationSetup.isproj", "{EBA0A3E5-BA42-4F9B-B3C9-493AAC2B22B3}"
	ProjectSection(ProjectDependencies) = postProject
		{716DC9C9-BB94-47B4-86FB-DCD0EEFD2A78} = {716DC9C9-BB94-47B4-86FB-DCD0EEFD2A78}
	EndProjectSection
EndProject
Global
	GlobalSection(SolutionConfigurationPlatforms) = preSolution
		CD_ROM|Any CPU = CD_ROM|Any CPU
		Debug|Any CPU = Debug|Any CPU
		DVD-5|Any CPU = DVD-5|Any CPU
		Release|Any CPU = Release|Any CPU
		SingleImage|Any CPU = SingleImage|Any CPU
	EndGlobalSection
	GlobalSection(ProjectConfigurationPlatforms) = postSolution
		{716DC9C9-BB94-47B4-86FB-DCD0EEFD2A78}.CD_ROM|Any CPU.ActiveCfg = Release|Any CPU
		{716DC9C9-BB94-47B4-86FB-DCD0EEFD2A78}.CD_ROM|Any CPU.Build.0 = Release|Any CPU
		{716DC9C9-BB94-47B4-86FB-DCD0EEFD2A78}.Debug|Any CPU.ActiveCfg = Debug|Any CPU
		{716DC9C9-BB94-47B4-86FB-DCD0EEFD2A78}.Debug|Any CPU.Build.0 = Debug|Any CPU
		{716DC9C9-BB94-47B4-86FB-DCD0EEFD2A78}.DVD-5|Any CPU.ActiveCfg = Debug|Any CPU
		{716DC9C9-BB94-47B4-86FB-DCD0EEFD2A78}.DVD-5|Any CPU.Build.0 = Debug|Any CPU
		{716DC9C9-BB94-47B4-86FB-DCD0EEFD2A78}.Release|Any CPU.ActiveCfg = Release|Any CPU
		{716DC9C9-BB94-47B4-86FB-DCD0EEFD2A78}.Release|Any CPU.Build.0 = Release|Any CPU
		{716DC9C9-BB94-47B4-86FB-DCD0EEFD2A78}.SingleImage|Any CPU.ActiveCfg = Release|Any CPU
		{716DC9C9-BB94-47B4-86FB-DCD0EEFD2A78}.SingleImage|Any CPU.Build.0 = Release|Any CPU
		{EBA0A3E5-BA42-4F9B-B3C9-493AAC2B22B3}.CD_ROM|Any CPU.ActiveCfg = CD_ROM
		{EBA0A3E5-BA42-4F9B-B3C9-493AAC2B22B3}.CD_ROM|Any CPU.Build.0 = CD_ROM
		{EBA0A3E5-BA42-4F9B-B3C9-493AAC2B22B3}.Debug|Any CPU.ActiveCfg = DVD-5
		{EBA0A3E5-BA42-4F9B-B3C9-493AAC2B22B3}.Debug|Any CPU.Build.0 = DVD-5
		{EBA0A3E5-BA42-4F9B-B3C9-493AAC2B22B3}.DVD-5|Any CPU.ActiveCfg = DVD-5
		{EBA0A3E5-BA42-4F9B-B3C9-493AAC2B22B3}.DVD-5|Any CPU.Build.0 = DVD-5
		{EBA0A3E5-BA42-4F9B-B3C9-493AAC2B22B3}.Release|Any CPU.ActiveCfg = SingleImage
		{EBA0A3E5-BA42-4F9B-B3C9-493AAC2B22B3}.Release|Any CPU.Build.0 = SingleImage
		{EBA0A3E5-BA42-4F9B-B3C9-493AAC2B22B3}.SingleImage|Any CPU.ActiveCfg = SingleImage
		{EBA0A3E5-BA42-4F9B-B3C9-493AAC2B22B3}.SingleImage|Any CPU.Build.0 = SingleImage
	EndGlobalSection
	GlobalSection(SolutionProperties) = preSolution
		HideSolutionNode = FALSE
	EndGlobalSection
EndGlobal
