
Microsoft Visual Studio Solution File, Format Version 12.00
# Visual Studio 2013
VisualStudioVersion = 12.0.21005.1
MinimumVisualStudioVersion = 10.0.40219.1
Project("{FAE04EC0-301F-11D3-BF4B-00C04F79EFBC}") = "PayPal-log-file-converter", "PayPal-log-file-converter\PayPal-log-file-converter.csproj", "{50346159-7B3C-4648-B948-53386D1CAD5E}"
EndProject
Project("{6141683F-8A12-4E36-9623-2EB02B2C2303}") = "PayPalSetup", "PayPalSetup\PayPalSetup.isproj", "{59D82B29-1AFB-4EEC-80CC-366F56838B4A}"
	ProjectSection(ProjectDependencies) = postProject
		{50346159-7B3C-4648-B948-53386D1CAD5E} = {50346159-7B3C-4648-B948-53386D1CAD5E}
	EndProjectSection
EndProject
Global
	GlobalSection(SolutionConfigurationPlatforms) = preSolution
		CD_ROM|Any CPU = CD_ROM|Any CPU
		Debug|Any CPU = Debug|Any CPU
		DVD-5|Any CPU = DVD-5|Any CPU
		Release|Any CPU = Release|Any CPU
		SingleImage|Any CPU = SingleImage|Any CPU
	EndGlobalSection
	GlobalSection(ProjectConfigurationPlatforms) = postSolution
		{50346159-7B3C-4648-B948-53386D1CAD5E}.CD_ROM|Any CPU.ActiveCfg = Release|Any CPU
		{50346159-7B3C-4648-B948-53386D1CAD5E}.CD_ROM|Any CPU.Build.0 = Release|Any CPU
		{50346159-7B3C-4648-B948-53386D1CAD5E}.Debug|Any CPU.ActiveCfg = Debug|Any CPU
		{50346159-7B3C-4648-B948-53386D1CAD5E}.Debug|Any CPU.Build.0 = Debug|Any CPU
		{50346159-7B3C-4648-B948-53386D1CAD5E}.DVD-5|Any CPU.ActiveCfg = Debug|Any CPU
		{50346159-7B3C-4648-B948-53386D1CAD5E}.DVD-5|Any CPU.Build.0 = Debug|Any CPU
		{50346159-7B3C-4648-B948-53386D1CAD5E}.Release|Any CPU.ActiveCfg = Release|Any CPU
		{50346159-7B3C-4648-B948-53386D1CAD5E}.Release|Any CPU.Build.0 = Release|Any CPU
		{50346159-7B3C-4648-B948-53386D1CAD5E}.SingleImage|Any CPU.ActiveCfg = Release|Any CPU
		{50346159-7B3C-4648-B948-53386D1CAD5E}.SingleImage|Any CPU.Build.0 = Release|Any CPU
		{59D82B29-1AFB-4EEC-80CC-366F56838B4A}.CD_ROM|Any CPU.ActiveCfg = CD_ROM
		{59D82B29-1AFB-4EEC-80CC-366F56838B4A}.CD_ROM|Any CPU.Build.0 = CD_ROM
		{59D82B29-1AFB-4EEC-80CC-366F56838B4A}.Debug|Any CPU.ActiveCfg = DVD-5
		{59D82B29-1AFB-4EEC-80CC-366F56838B4A}.Debug|Any CPU.Build.0 = DVD-5
		{59D82B29-1AFB-4EEC-80CC-366F56838B4A}.DVD-5|Any CPU.ActiveCfg = DVD-5
		{59D82B29-1AFB-4EEC-80CC-366F56838B4A}.DVD-5|Any CPU.Build.0 = DVD-5
		{59D82B29-1AFB-4EEC-80CC-366F56838B4A}.Release|Any CPU.ActiveCfg = SingleImage
		{59D82B29-1AFB-4EEC-80CC-366F56838B4A}.Release|Any CPU.Build.0 = SingleImage
		{59D82B29-1AFB-4EEC-80CC-366F56838B4A}.SingleImage|Any CPU.ActiveCfg = SingleImage
		{59D82B29-1AFB-4EEC-80CC-366F56838B4A}.SingleImage|Any CPU.Build.0 = SingleImage
	EndGlobalSection
	GlobalSection(SolutionProperties) = preSolution
		HideSolutionNode = FALSE
	EndGlobalSection
EndGlobal
